{
  "nodes": {
    "crane": {
      "flake": false,
      "locked": {
        "lastModified": 1654444508,
        "narHash": "sha256-4OBvQ4V7jyt7afs6iKUvRzJ1u/9eYnKzVQbeQdiamuY=",
        "owner": "ipetkov",
        "repo": "crane",
        "rev": "db5482bf225acc3160899124a1df5a617cfa27b5",
        "type": "github"
      },
      "original": {
        "owner": "ipetkov",
        "repo": "crane",
        "type": "github"
      }
    },
    "dan": {
      "inputs": {
        "nixpkgs": [
          "unstable"
        ]
      },
      "locked": {
        "host": "git.dodsorf.as",
        "lastModified": 1656687988,
        "narHash": "sha256-2ywoy3wUvFAyxDTw7VPlz5TGh9mk/um2AWOjhJqJxNQ=",
        "owner": "Dandellion",
        "repo": "NUR",
        "rev": "7e85f62e40cd585ce81fa1f3debd5385bb0cad03",
        "type": "gitlab"
      },
      "original": {
        "host": "git.dodsorf.as",
        "owner": "Dandellion",
        "repo": "NUR",
        "type": "gitlab"
      }
    },
    "devshell": {
      "flake": false,
      "locked": {
        "lastModified": 1655976588,
        "narHash": "sha256-VreHyH6ITkf/1EX/8h15UqhddJnUleb0HgbC3gMkAEQ=",
        "owner": "numtide",
        "repo": "devshell",
        "rev": "899ca4629020592a13a46783587f6e674179d1db",
        "type": "github"
      },
      "original": {
        "owner": "numtide",
        "repo": "devshell",
        "type": "github"
      }
    },
    "dream2nix": {
      "inputs": {
        "alejandra": [
          "helix",
          "nixCargoIntegration",
          "nixpkgs"
        ],
        "crane": "crane",
        "devshell": [
          "helix",
          "nixCargoIntegration",
          "devshell"
        ],
        "flake-utils-pre-commit": [
          "helix",
          "nixCargoIntegration",
          "nixpkgs"
        ],
        "gomod2nix": [
          "helix",
          "nixCargoIntegration",
          "nixpkgs"
        ],
        "mach-nix": [
          "helix",
          "nixCargoIntegration",
          "nixpkgs"
        ],
        "nixpkgs": [
          "helix",
          "nixCargoIntegration",
          "nixpkgs"
        ],
        "node2nix": [
          "helix",
          "nixCargoIntegration",
          "nixpkgs"
        ],
        "poetry2nix": [
          "helix",
          "nixCargoIntegration",
          "nixpkgs"
        ],
        "pre-commit-hooks": [
          "helix",
          "nixCargoIntegration",
          "nixpkgs"
        ]
      },
      "locked": {
        "lastModified": 1655975833,
        "narHash": "sha256-g8sdfuglIZ24oWVbntVzniNTJW+Z3n9DNL9w9Tt+UCE=",
        "owner": "nix-community",
        "repo": "dream2nix",
        "rev": "4e75e665ec3a1cddae5266bed0dd72fce0b74a23",
        "type": "github"
      },
      "original": {
        "owner": "nix-community",
        "repo": "dream2nix",
        "type": "github"
      }
    },
    "flake-utils": {
      "locked": {
        "lastModified": 1637014545,
        "narHash": "sha256-26IZAc5yzlD9FlDT54io1oqG/bBoyka+FJk5guaX4x4=",
        "owner": "numtide",
        "repo": "flake-utils",
        "rev": "bba5dcc8e0b20ab664967ad83d24d64cb64ec4f4",
        "type": "github"
      },
      "original": {
        "owner": "numtide",
        "repo": "flake-utils",
        "type": "github"
      }
    },
    "helix": {
      "inputs": {
        "nixCargoIntegration": "nixCargoIntegration",
        "nixpkgs": [
          "unstable"
        ],
        "rust-overlay": "rust-overlay"
      },
      "locked": {
        "lastModified": 1659453202,
        "narHash": "sha256-dCoACB8THPLgCZtbP4AzX+l/pzhUK078zo9mQGTvFUQ=",
        "owner": "helix-editor",
        "repo": "helix",
        "rev": "69f84e25165d62d0f38bcc80bf9108f9c0802cad",
        "type": "github"
      },
      "original": {
        "owner": "helix-editor",
        "repo": "helix",
        "type": "github"
      }
    },
    "home-manager-2205": {
      "inputs": {
        "nixpkgs": [
          "nixos-2205"
        ]
      },
      "locked": {
        "lastModified": 1656169755,
        "narHash": "sha256-Nlnm4jeQWEGjYrE6hxi/7HYHjBSZ/E0RtjCYifnNsWk=",
        "owner": "nix-community",
        "repo": "home-manager",
        "rev": "4a3d01fb53f52ac83194081272795aa4612c2381",
        "type": "github"
      },
      "original": {
        "owner": "nix-community",
        "ref": "release-22.05",
        "repo": "home-manager",
        "type": "github"
      }
    },
    "nixCargoIntegration": {
      "inputs": {
        "devshell": "devshell",
        "dream2nix": "dream2nix",
        "nixpkgs": [
          "helix",
          "nixpkgs"
        ],
        "rust-overlay": [
          "helix",
          "rust-overlay"
        ]
      },
      "locked": {
        "lastModified": 1656453541,
        "narHash": "sha256-ZCPVnS6zJOZJvIlwU3rKR8MBVm6A3F4/0mA7G1lQ3D0=",
        "owner": "yusdacra",
        "repo": "nix-cargo-integration",
        "rev": "9eb74345b30cd2e536d9dac9d4435d3c475605c7",
        "type": "github"
      },
      "original": {
        "owner": "yusdacra",
        "repo": "nix-cargo-integration",
        "type": "github"
      }
    },
    "nixos-2205": {
      "locked": {
        "lastModified": 1659342832,
        "narHash": "sha256-ePnxG4hacRd6oZMk+YeCSYMNUnHCe+qPLI0/+VaTu48=",
        "owner": "nixos",
        "repo": "nixpkgs",
        "rev": "e43cf1748462c81202a32b26294e9f8eefcc3462",
        "type": "github"
      },
      "original": {
        "owner": "nixos",
        "ref": "nixos-22.05",
        "repo": "nixpkgs",
        "type": "github"
      }
    },
    "nur": {
      "locked": {
        "lastModified": 1659483824,
        "narHash": "sha256-dJutEz8UQBi+g9GMBPJXnx54xn0Ow1a/JGV9Gxd9jpw=",
        "owner": "nix-community",
        "repo": "NUR",
        "rev": "3902a6de021f928e2d0f4b71565853507a525bd1",
        "type": "github"
      },
      "original": {
        "owner": "nix-community",
        "repo": "NUR",
        "type": "github"
      }
    },
    "root": {
      "inputs": {
        "dan": "dan",
        "helix": "helix",
        "home-manager-2205": "home-manager-2205",
        "nixos-2205": "nixos-2205",
        "nur": "nur",
        "unstable": "unstable"
      }
    },
    "rust-overlay": {
      "inputs": {
        "flake-utils": "flake-utils",
        "nixpkgs": [
          "helix",
          "nixpkgs"
        ]
      },
      "locked": {
        "lastModified": 1655779671,
        "narHash": "sha256-6feeiGa6fb7ZPVHR71uswkmN1701TAJpwYQA8QffmRk=",
        "owner": "oxalica",
        "repo": "rust-overlay",
        "rev": "8159585609a772b041cce6019d5c21d240709244",
        "type": "github"
      },
      "original": {
        "owner": "oxalica",
        "repo": "rust-overlay",
        "type": "github"
      }
    },
    "unstable": {
      "locked": {
        "lastModified": 1659464610,
        "narHash": "sha256-X67Sbnn4lbo+RFWDjlG9oJsSWE6zg4S+LuQ5TLB2lCo=",
        "owner": "nixos",
        "repo": "nixpkgs",
        "rev": "f310f24f0d4cd5e8660ccde49e8cbd8dbf0295fa",
        "type": "github"
      },
      "original": {
        "owner": "nixos",
        "ref": "nixpkgs-unstable",
        "repo": "nixpkgs",
        "type": "github"
      }
    }
  },
  "root": "root",
  "version": 7
}
