{
  "nodes": {
    "dan": {
      "inputs": {
        "nixpkgs": [
          "unstable"
        ]
      },
      "locked": {
        "host": "git.dodsorf.as",
        "lastModified": 1654132489,
        "narHash": "sha256-7L6gKN5Y2PbjK2aHX2jwOCZfe9R+7RusvuULy9EbKGs=",
        "owner": "Dandellion",
        "repo": "NUR",
        "rev": "9b6f60ce8a94d8269190dbe4ac9450f87910ac8b",
        "type": "gitlab"
      },
      "original": {
        "host": "git.dodsorf.as",
        "owner": "Dandellion",
        "repo": "NUR",
        "type": "gitlab"
      }
    },
    "home-manager-2205": {
      "inputs": {
        "nixpkgs": [
          "nixos-2205"
        ]
      },
      "locked": {
        "lastModified": 1654113405,
        "narHash": "sha256-VpK+0QaWG2JRgB00lw77N9TjkE3ec0iMYIX1TzGpxa4=",
        "owner": "nix-community",
        "repo": "home-manager",
        "rev": "ac2287df5a2d6f0a44bbcbd11701dbbf6ec43675",
        "type": "github"
      },
      "original": {
        "owner": "nix-community",
        "ref": "release-22.05",
        "repo": "home-manager",
        "type": "github"
      }
    },
    "nixos-2205": {
      "locked": {
        "lastModified": 1654005557,
        "narHash": "sha256-J6elwUzPoco+r5qWPHhvS2EHVWomUtNcxzkfdAQOwEU=",
        "owner": "nixos",
        "repo": "nixpkgs",
        "rev": "08950a6e29cf7bddee466592eb790a417550f7f9",
        "type": "github"
      },
      "original": {
        "owner": "nixos",
        "ref": "nixos-22.05",
        "repo": "nixpkgs",
        "type": "github"
      }
    },
    "nur": {
      "locked": {
        "lastModified": 1654123271,
        "narHash": "sha256-xM85/VFYu8I8jZiZ7U0CmZO/98sHO7+f7PIMxQVZXCM=",
        "owner": "nix-community",
        "repo": "NUR",
        "rev": "4c83235ccca7cfcf34fee9f49023f21c0e9db128",
        "type": "github"
      },
      "original": {
        "owner": "nix-community",
        "repo": "NUR",
        "type": "github"
      }
    },
    "root": {
      "inputs": {
        "dan": "dan",
        "home-manager-2205": "home-manager-2205",
        "nixos-2205": "nixos-2205",
        "nur": "nur",
        "unstable": "unstable"
      }
    },
    "unstable": {
      "locked": {
        "lastModified": 1654007547,
        "narHash": "sha256-G812EeXZeGeGjkAvbTleGwcKFCGxdLOQb9aViOWASPc=",
        "owner": "nixos",
        "repo": "nixpkgs",
        "rev": "5643714dea562f0161529ab23058562afeff46d0",
        "type": "github"
      },
      "original": {
        "owner": "nixos",
        "ref": "nixpkgs-unstable",
        "repo": "nixpkgs",
        "type": "github"
      }
    }
  },
  "root": "root",
  "version": 7
}
