{
  "nodes": {
    "crane": {
      "flake": false,
      "locked": {
        "lastModified": 1654444508,
        "narHash": "sha256-4OBvQ4V7jyt7afs6iKUvRzJ1u/9eYnKzVQbeQdiamuY=",
        "owner": "ipetkov",
        "repo": "crane",
        "rev": "db5482bf225acc3160899124a1df5a617cfa27b5",
        "type": "github"
      },
      "original": {
        "owner": "ipetkov",
        "repo": "crane",
        "type": "github"
      }
    },
    "dan": {
      "inputs": {
        "nixpkgs": [
          "unstable"
        ]
      },
      "locked": {
        "host": "git.dodsorf.as",
        "lastModified": 1654132489,
        "narHash": "sha256-7L6gKN5Y2PbjK2aHX2jwOCZfe9R+7RusvuULy9EbKGs=",
        "owner": "Dandellion",
        "repo": "NUR",
        "rev": "9b6f60ce8a94d8269190dbe4ac9450f87910ac8b",
        "type": "gitlab"
      },
      "original": {
        "host": "git.dodsorf.as",
        "owner": "Dandellion",
        "repo": "NUR",
        "type": "gitlab"
      }
    },
    "devshell": {
      "flake": false,
      "locked": {
        "lastModified": 1653917170,
        "narHash": "sha256-FyxOnEE/V4PNEcMU62ikY4FfYPo349MOhMM97HS0XEo=",
        "owner": "numtide",
        "repo": "devshell",
        "rev": "fc7a3e3adde9bbcab68af6d1e3c6eb738e296a92",
        "type": "github"
      },
      "original": {
        "owner": "numtide",
        "repo": "devshell",
        "type": "github"
      }
    },
    "dream2nix": {
      "inputs": {
        "alejandra": [
          "helix",
          "nixCargoIntegration",
          "nixpkgs"
        ],
        "crane": "crane",
        "devshell": [
          "helix",
          "nixCargoIntegration",
          "devshell"
        ],
        "flake-utils-pre-commit": [
          "helix",
          "nixCargoIntegration",
          "nixpkgs"
        ],
        "gomod2nix": [
          "helix",
          "nixCargoIntegration",
          "nixpkgs"
        ],
        "mach-nix": [
          "helix",
          "nixCargoIntegration",
          "nixpkgs"
        ],
        "nixpkgs": [
          "helix",
          "nixCargoIntegration",
          "nixpkgs"
        ],
        "node2nix": [
          "helix",
          "nixCargoIntegration",
          "nixpkgs"
        ],
        "poetry2nix": [
          "helix",
          "nixCargoIntegration",
          "nixpkgs"
        ],
        "pre-commit-hooks": [
          "helix",
          "nixCargoIntegration",
          "nixpkgs"
        ]
      },
      "locked": {
        "lastModified": 1654451959,
        "narHash": "sha256-yWztC96o8Dw65jDbmNUxV1i61T3uLqvqhC3ziwnB/Fk=",
        "owner": "nix-community",
        "repo": "dream2nix",
        "rev": "90b353682ef927bd39b59085e0dc6b7454888de7",
        "type": "github"
      },
      "original": {
        "owner": "nix-community",
        "repo": "dream2nix",
        "type": "github"
      }
    },
    "flake-utils": {
      "locked": {
        "lastModified": 1637014545,
        "narHash": "sha256-26IZAc5yzlD9FlDT54io1oqG/bBoyka+FJk5guaX4x4=",
        "owner": "numtide",
        "repo": "flake-utils",
        "rev": "bba5dcc8e0b20ab664967ad83d24d64cb64ec4f4",
        "type": "github"
      },
      "original": {
        "owner": "numtide",
        "repo": "flake-utils",
        "type": "github"
      }
    },
    "helix": {
      "inputs": {
        "nixCargoIntegration": "nixCargoIntegration",
        "nixpkgs": [
          "unstable"
        ],
        "rust-overlay": "rust-overlay"
      },
      "locked": {
        "lastModified": 1654649047,
        "narHash": "sha256-KiNXjbIILRLgyi4U4Smd4UEqEzgD1yn3hKU3QpEn5PA=",
        "owner": "helix-editor",
        "repo": "helix",
        "rev": "e0532771cc3503afcbfb5cd5d45b8c57462587f9",
        "type": "github"
      },
      "original": {
        "owner": "helix-editor",
        "repo": "helix",
        "type": "github"
      }
    },
    "home-manager-2205": {
      "inputs": {
        "nixpkgs": [
          "nixos-2205"
        ]
      },
      "locked": {
        "lastModified": 1654113405,
        "narHash": "sha256-VpK+0QaWG2JRgB00lw77N9TjkE3ec0iMYIX1TzGpxa4=",
        "owner": "nix-community",
        "repo": "home-manager",
        "rev": "ac2287df5a2d6f0a44bbcbd11701dbbf6ec43675",
        "type": "github"
      },
      "original": {
        "owner": "nix-community",
        "ref": "release-22.05",
        "repo": "home-manager",
        "type": "github"
      }
    },
    "nixCargoIntegration": {
      "inputs": {
        "devshell": "devshell",
        "dream2nix": "dream2nix",
        "nixpkgs": [
          "helix",
          "nixpkgs"
        ],
        "rustOverlay": [
          "helix",
          "rust-overlay"
        ]
      },
      "locked": {
        "lastModified": 1654531591,
        "narHash": "sha256-DtDAwkl2Pn8w1BW1z2OssT/bWjVhMZQBBpr2uDY7tHY=",
        "owner": "yusdacra",
        "repo": "nix-cargo-integration",
        "rev": "c935099d6851d0ff94098e9a12f42147524f0c5b",
        "type": "github"
      },
      "original": {
        "owner": "yusdacra",
        "repo": "nix-cargo-integration",
        "type": "github"
      }
    },
    "nixos-2205": {
      "locked": {
        "lastModified": 1654360807,
        "narHash": "sha256-wYG86PUkPZ1P/oHsCpepTkb/U26poaEPPp1XFjRsgdA=",
        "owner": "nixos",
        "repo": "nixpkgs",
        "rev": "d9794b04bffb468b886c553557489977ae5f4c65",
        "type": "github"
      },
      "original": {
        "owner": "nixos",
        "ref": "nixos-22.05",
        "repo": "nixpkgs",
        "type": "github"
      }
    },
    "nur": {
      "locked": {
        "lastModified": 1654539919,
        "narHash": "sha256-sl7Kxw5yc7RikHcKBLz4NRdnmI9fWkJL+MwoeJPF6pE=",
        "owner": "nix-community",
        "repo": "NUR",
        "rev": "9ca7fbf9104f063ae6584ab2445d740d8b809b5a",
        "type": "github"
      },
      "original": {
        "owner": "nix-community",
        "repo": "NUR",
        "type": "github"
      }
    },
    "root": {
      "inputs": {
        "dan": "dan",
        "helix": "helix",
        "home-manager-2205": "home-manager-2205",
        "nixos-2205": "nixos-2205",
        "nur": "nur",
        "unstable": "unstable"
      }
    },
    "rust-overlay": {
      "inputs": {
        "flake-utils": "flake-utils",
        "nixpkgs": [
          "helix",
          "nixpkgs"
        ]
      },
      "locked": {
        "lastModified": 1654483484,
        "narHash": "sha256-Ki/sMgrUEj+31P3YMzZZp5Nea7+MQVVTdaRWQVS1PL4=",
        "owner": "oxalica",
        "repo": "rust-overlay",
        "rev": "6bc59b9c4ad1cc1089219e935aa727a96d948c5d",
        "type": "github"
      },
      "original": {
        "owner": "oxalica",
        "repo": "rust-overlay",
        "type": "github"
      }
    },
    "unstable": {
      "locked": {
        "lastModified": 1654398695,
        "narHash": "sha256-Kw/KeoFXszNsF5mORP45mrxCP+k9Aq03hWcuWCL9sdI=",
        "owner": "nixos",
        "repo": "nixpkgs",
        "rev": "c5d810f4c74c824ae0fb788103003c6c9d366a08",
        "type": "github"
      },
      "original": {
        "owner": "nixos",
        "ref": "nixpkgs-unstable",
        "repo": "nixpkgs",
        "type": "github"
      }
    }
  },
  "root": "root",
  "version": 7
}
